
Microsoft Visual Studio Solution File, Format Version 12.00
# Visual Studio 15
VisualStudioVersion = 15.0.28307.271
MinimumVisualStudioVersion = 10.0.40219.1
Project("{FAE04EC0-301F-11D3-BF4B-00C04F79EFBC}") = "RestWebServiceWithFirebase", "RestWebServiceWithFirebase\RestWebServiceWithFirebase.csproj", "{92645FFC-034B-4532-98D5-6577754C17C4}"
EndProject
Project("{FAE04EC0-301F-11D3-BF4B-00C04F79EFBC}") = "LoginFormWithFormFirebase", "LoginFormWithFormFirebase\LoginFormWithFormFirebase.csproj", "{D6675B01-D2E3-43DE-AAB3-F4F6BFC4C448}"
EndProject
Global
	GlobalSection(SolutionConfigurationPlatforms) = preSolution
		Debug|Any CPU = Debug|Any CPU
		Release|Any CPU = Release|Any CPU
	EndGlobalSection
	GlobalSection(ProjectConfigurationPlatforms) = postSolution
		{92645FFC-034B-4532-98D5-6577754C17C4}.Debug|Any CPU.ActiveCfg = Debug|Any CPU
		{92645FFC-034B-4532-98D5-6577754C17C4}.Debug|Any CPU.Build.0 = Debug|Any CPU
		{92645FFC-034B-4532-98D5-6577754C17C4}.Release|Any CPU.ActiveCfg = Release|Any CPU
		{92645FFC-034B-4532-98D5-6577754C17C4}.Release|Any CPU.Build.0 = Release|Any CPU
		{D6675B01-D2E3-43DE-AAB3-F4F6BFC4C448}.Debug|Any CPU.ActiveCfg = Debug|Any CPU
		{D6675B01-D2E3-43DE-AAB3-F4F6BFC4C448}.Debug|Any CPU.Build.0 = Debug|Any CPU
		{D6675B01-D2E3-43DE-AAB3-F4F6BFC4C448}.Release|Any CPU.ActiveCfg = Release|Any CPU
		{D6675B01-D2E3-43DE-AAB3-F4F6BFC4C448}.Release|Any CPU.Build.0 = Release|Any CPU
	EndGlobalSection
	GlobalSection(SolutionProperties) = preSolution
		HideSolutionNode = FALSE
	EndGlobalSection
	GlobalSection(ExtensibilityGlobals) = postSolution
		SolutionGuid = {19CAA277-27A5-44F4-9742-D95FE0CDA332}
	EndGlobalSection
EndGlobal
